
Microsoft Visual Studio Solution File, Format Version 12.00
# Visual Studio Version 17
VisualStudioVersion = 17.13.35818.85
MinimumVisualStudioVersion = 10.0.40219.1
Project("{FAE04EC0-301F-11D3-BF4B-00C04F79EFBC}") = "LogConverterAPI", "LogConverterAPI\LogConverterAPI.csproj", "{1E7B2865-83C9-46FE-93EB-641815826EA0}"
EndProject
Project("{FAE04EC0-301F-11D3-BF4B-00C04F79EFBC}") = "LogConverterAPI.Tests", "LogConverterAPI.Tests\LogConverterAPI.Tests.csproj", "{2166C51F-D19B-4F62-8016-313A8D7C08D6}"
EndProject
Global
	GlobalSection(SolutionConfigurationPlatforms) = preSolution
		Debug|Any CPU = Debug|Any CPU
		Release|Any CPU = Release|Any CPU
	EndGlobalSection
	GlobalSection(ProjectConfigurationPlatforms) = postSolution
		{1E7B2865-83C9-46FE-93EB-641815826EA0}.Debug|Any CPU.ActiveCfg = Debug|Any CPU
		{1E7B2865-83C9-46FE-93EB-641815826EA0}.Debug|Any CPU.Build.0 = Debug|Any CPU
		{1E7B2865-83C9-46FE-93EB-641815826EA0}.Release|Any CPU.ActiveCfg = Release|Any CPU
		{1E7B2865-83C9-46FE-93EB-641815826EA0}.Release|Any CPU.Build.0 = Release|Any CPU
		{2166C51F-D19B-4F62-8016-313A8D7C08D6}.Debug|Any CPU.ActiveCfg = Debug|Any CPU
		{2166C51F-D19B-4F62-8016-313A8D7C08D6}.Debug|Any CPU.Build.0 = Debug|Any CPU
		{2166C51F-D19B-4F62-8016-313A8D7C08D6}.Release|Any CPU.ActiveCfg = Release|Any CPU
		{2166C51F-D19B-4F62-8016-313A8D7C08D6}.Release|Any CPU.Build.0 = Release|Any CPU
	EndGlobalSection
	GlobalSection(SolutionProperties) = preSolution
		HideSolutionNode = FALSE
	EndGlobalSection
	GlobalSection(ExtensibilityGlobals) = postSolution
		SolutionGuid = {E75F995E-454A-44CA-A0F6-78D3612C75FC}
	EndGlobalSection
EndGlobal
